
Microsoft Visual Studio Solution File, Format Version 12.00
# Visual Studio Version 17
VisualStudioVersion = 17.2.32630.192
MinimumVisualStudioVersion = 10.0.40219.1
Project("{FAE04EC0-301F-11D3-BF4B-00C04F79EFBC}") = "MatchGame", "MatchGame.csproj", "{FED196FC-31B2-4C3A-A3CA-F18A6CC14F93}"
EndProject
Global
	GlobalSection(SolutionConfigurationPlatforms) = preSolution
		Debug|Any CPU = Debug|Any CPU
		Release|Any CPU = Release|Any CPU
	EndGlobalSection
	GlobalSection(ProjectConfigurationPlatforms) = postSolution
		{FED196FC-31B2-4C3A-A3CA-F18A6CC14F93}.Debug|Any CPU.ActiveCfg = Debug|Any CPU
		{FED196FC-31B2-4C3A-A3CA-F18A6CC14F93}.Debug|Any CPU.Build.0 = Debug|Any CPU
		{FED196FC-31B2-4C3A-A3CA-F18A6CC14F93}.Release|Any CPU.ActiveCfg = Release|Any CPU
		{FED196FC-31B2-4C3A-A3CA-F18A6CC14F93}.Release|Any CPU.Build.0 = Release|Any CPU
	EndGlobalSection
	GlobalSection(SolutionProperties) = preSolution
		HideSolutionNode = FALSE
	EndGlobalSection
	GlobalSection(ExtensibilityGlobals) = postSolution
		SolutionGuid = {FD896988-8A65-4C63-A6AA-850F5F4CBDCF}
	EndGlobalSection
EndGlobal
